{
  "name": "cwcc-provision-api",
  "version": "0.1.0",
  "lockfileVersion": 1,
  "requires": true,
  "dependencies": {
    "cwcc-provision-client": {
      "version": "file:../cwcc-provision-client",
      "requires": {
        "request-promise-native": "^1.0.7"
      },
      "dependencies": {
        "lodash": {
          "version": "4.17.15",
          "bundled": true
        },
        "psl": {
          "version": "1.2.0",
          "bundled": true
        },
        "punycode": {
          "version": "2.1.1",
          "bundled": true
        },
        "request-promise-core": {
          "version": "1.1.2",
          "bundled": true,
          "requires": {
            "lodash": "^4.17.11"
          }
        },
        "request-promise-native": {
          "version": "1.0.7",
          "bundled": true,
          "requires": {
            "request-promise-core": "1.1.2",
            "stealthy-require": "^1.1.1",
            "tough-cookie": "^2.3.3"
          }
        },
        "stealthy-require": {
          "version": "1.1.1",
          "bundled": true
        },
        "tough-cookie": {
          "version": "2.5.0",
          "bundled": true,
          "requires": {
            "psl": "^1.1.28",
            "punycode": "^2.1.1"
          }
        }
      }
    },
    "dotenv": {
      "version": "8.0.0",
      "resolved": "https://registry.npmjs.org/dotenv/-/dotenv-8.0.0.tgz",
      "integrity": "sha512-30xVGqjLjiUOArT4+M5q9sYdvuR4riM6yK9wMcas9Vbp6zZa+ocC9dp6QoftuhTPhFAiLK/0C5Ni2nou/Bk8lg=="
    }
  }
}
